
Microsoft Visual Studio Solution File, Format Version 12.00
# Visual Studio Version 17
VisualStudioVersion = 17.0.31903.59
MinimumVisualStudioVersion = 10.0.40219.1
Project("{FAE04EC0-301F-11D3-BF4B-00C04F79EFBC}") = "Billing", "Hotel\Billing\Billing.csproj", "{64B9F573-1E6E-4EBC-963A-5F9AD945AF5C}"
EndProject
Project("{FAE04EC0-301F-11D3-BF4B-00C04F79EFBC}") = "Booking", "Hotel\Booking\Booking.csproj", "{DA4510CD-19C8-4E0D-84EF-15E8DE5FD3A7}"
EndProject
Project("{FAE04EC0-301F-11D3-BF4B-00C04F79EFBC}") = "HouseKeeping", "Hotel\HouseKeeping\HouseKeeping.csproj", "{C67E81F0-A0BC-47AE-B5EC-54DA7A8F6DE7}"
EndProject
Project("{2150E333-8FDC-42A3-9474-1A3956D46DE8}") = "Hotel", "Hotel", "{5C7D56DE-8D41-404B-A830-305D36F450AE}"
EndProject
Project("{FAE04EC0-301F-11D3-BF4B-00C04F79EFBC}") = "Common", "Hotel\Common\Common.csproj", "{C731D973-966C-4818-8EAB-BA31E5FF7C7F}"
EndProject
Project("{FAE04EC0-301F-11D3-BF4B-00C04F79EFBC}") = "Hotel.Runner", "Hotel\Runner\Hotel.Runner.csproj", "{0B1EAD50-A225-4161-A250-AC426DA01F74}"
EndProject
Project("{FAE04EC0-301F-11D3-BF4B-00C04F79EFBC}") = "Booking.Contracts", "Hotel\Booking.Contracts\Booking.Contracts.csproj", "{E386B8A7-1905-4FFC-BE3C-C164711AFBD2}"
EndProject
Global
	GlobalSection(SolutionConfigurationPlatforms) = preSolution
		Debug|Any CPU = Debug|Any CPU
		Debug|x64 = Debug|x64
		Debug|x86 = Debug|x86
		Release|Any CPU = Release|Any CPU
		Release|x64 = Release|x64
		Release|x86 = Release|x86
	EndGlobalSection
	GlobalSection(ProjectConfigurationPlatforms) = postSolution
		{64B9F573-1E6E-4EBC-963A-5F9AD945AF5C}.Debug|Any CPU.ActiveCfg = Debug|Any CPU
		{64B9F573-1E6E-4EBC-963A-5F9AD945AF5C}.Debug|Any CPU.Build.0 = Debug|Any CPU
		{64B9F573-1E6E-4EBC-963A-5F9AD945AF5C}.Debug|x64.ActiveCfg = Debug|Any CPU
		{64B9F573-1E6E-4EBC-963A-5F9AD945AF5C}.Debug|x64.Build.0 = Debug|Any CPU
		{64B9F573-1E6E-4EBC-963A-5F9AD945AF5C}.Debug|x86.ActiveCfg = Debug|Any CPU
		{64B9F573-1E6E-4EBC-963A-5F9AD945AF5C}.Debug|x86.Build.0 = Debug|Any CPU
		{64B9F573-1E6E-4EBC-963A-5F9AD945AF5C}.Release|Any CPU.ActiveCfg = Release|Any CPU
		{64B9F573-1E6E-4EBC-963A-5F9AD945AF5C}.Release|Any CPU.Build.0 = Release|Any CPU
		{64B9F573-1E6E-4EBC-963A-5F9AD945AF5C}.Release|x64.ActiveCfg = Release|Any CPU
		{64B9F573-1E6E-4EBC-963A-5F9AD945AF5C}.Release|x64.Build.0 = Release|Any CPU
		{64B9F573-1E6E-4EBC-963A-5F9AD945AF5C}.Release|x86.ActiveCfg = Release|Any CPU
		{64B9F573-1E6E-4EBC-963A-5F9AD945AF5C}.Release|x86.Build.0 = Release|Any CPU
		{DA4510CD-19C8-4E0D-84EF-15E8DE5FD3A7}.Debug|Any CPU.ActiveCfg = Debug|Any CPU
		{DA4510CD-19C8-4E0D-84EF-15E8DE5FD3A7}.Debug|Any CPU.Build.0 = Debug|Any CPU
		{DA4510CD-19C8-4E0D-84EF-15E8DE5FD3A7}.Debug|x64.ActiveCfg = Debug|Any CPU
		{DA4510CD-19C8-4E0D-84EF-15E8DE5FD3A7}.Debug|x64.Build.0 = Debug|Any CPU
		{DA4510CD-19C8-4E0D-84EF-15E8DE5FD3A7}.Debug|x86.ActiveCfg = Debug|Any CPU
		{DA4510CD-19C8-4E0D-84EF-15E8DE5FD3A7}.Debug|x86.Build.0 = Debug|Any CPU
		{DA4510CD-19C8-4E0D-84EF-15E8DE5FD3A7}.Release|Any CPU.ActiveCfg = Release|Any CPU
		{DA4510CD-19C8-4E0D-84EF-15E8DE5FD3A7}.Release|Any CPU.Build.0 = Release|Any CPU
		{DA4510CD-19C8-4E0D-84EF-15E8DE5FD3A7}.Release|x64.ActiveCfg = Release|Any CPU
		{DA4510CD-19C8-4E0D-84EF-15E8DE5FD3A7}.Release|x64.Build.0 = Release|Any CPU
		{DA4510CD-19C8-4E0D-84EF-15E8DE5FD3A7}.Release|x86.ActiveCfg = Release|Any CPU
		{DA4510CD-19C8-4E0D-84EF-15E8DE5FD3A7}.Release|x86.Build.0 = Release|Any CPU
		{C67E81F0-A0BC-47AE-B5EC-54DA7A8F6DE7}.Debug|Any CPU.ActiveCfg = Debug|Any CPU
		{C67E81F0-A0BC-47AE-B5EC-54DA7A8F6DE7}.Debug|Any CPU.Build.0 = Debug|Any CPU
		{C67E81F0-A0BC-47AE-B5EC-54DA7A8F6DE7}.Debug|x64.ActiveCfg = Debug|Any CPU
		{C67E81F0-A0BC-47AE-B5EC-54DA7A8F6DE7}.Debug|x64.Build.0 = Debug|Any CPU
		{C67E81F0-A0BC-47AE-B5EC-54DA7A8F6DE7}.Debug|x86.ActiveCfg = Debug|Any CPU
		{C67E81F0-A0BC-47AE-B5EC-54DA7A8F6DE7}.Debug|x86.Build.0 = Debug|Any CPU
		{C67E81F0-A0BC-47AE-B5EC-54DA7A8F6DE7}.Release|Any CPU.ActiveCfg = Release|Any CPU
		{C67E81F0-A0BC-47AE-B5EC-54DA7A8F6DE7}.Release|Any CPU.Build.0 = Release|Any CPU
		{C67E81F0-A0BC-47AE-B5EC-54DA7A8F6DE7}.Release|x64.ActiveCfg = Release|Any CPU
		{C67E81F0-A0BC-47AE-B5EC-54DA7A8F6DE7}.Release|x64.Build.0 = Release|Any CPU
		{C67E81F0-A0BC-47AE-B5EC-54DA7A8F6DE7}.Release|x86.ActiveCfg = Release|Any CPU
		{C67E81F0-A0BC-47AE-B5EC-54DA7A8F6DE7}.Release|x86.Build.0 = Release|Any CPU
		{C731D973-966C-4818-8EAB-BA31E5FF7C7F}.Debug|Any CPU.ActiveCfg = Debug|Any CPU
		{C731D973-966C-4818-8EAB-BA31E5FF7C7F}.Debug|Any CPU.Build.0 = Debug|Any CPU
		{C731D973-966C-4818-8EAB-BA31E5FF7C7F}.Debug|x64.ActiveCfg = Debug|Any CPU
		{C731D973-966C-4818-8EAB-BA31E5FF7C7F}.Debug|x64.Build.0 = Debug|Any CPU
		{C731D973-966C-4818-8EAB-BA31E5FF7C7F}.Debug|x86.ActiveCfg = Debug|Any CPU
		{C731D973-966C-4818-8EAB-BA31E5FF7C7F}.Debug|x86.Build.0 = Debug|Any CPU
		{C731D973-966C-4818-8EAB-BA31E5FF7C7F}.Release|Any CPU.ActiveCfg = Release|Any CPU
		{C731D973-966C-4818-8EAB-BA31E5FF7C7F}.Release|Any CPU.Build.0 = Release|Any CPU
		{C731D973-966C-4818-8EAB-BA31E5FF7C7F}.Release|x64.ActiveCfg = Release|Any CPU
		{C731D973-966C-4818-8EAB-BA31E5FF7C7F}.Release|x64.Build.0 = Release|Any CPU
		{C731D973-966C-4818-8EAB-BA31E5FF7C7F}.Release|x86.ActiveCfg = Release|Any CPU
		{C731D973-966C-4818-8EAB-BA31E5FF7C7F}.Release|x86.Build.0 = Release|Any CPU
		{0B1EAD50-A225-4161-A250-AC426DA01F74}.Debug|Any CPU.ActiveCfg = Debug|Any CPU
		{0B1EAD50-A225-4161-A250-AC426DA01F74}.Debug|Any CPU.Build.0 = Debug|Any CPU
		{0B1EAD50-A225-4161-A250-AC426DA01F74}.Debug|x64.ActiveCfg = Debug|Any CPU
		{0B1EAD50-A225-4161-A250-AC426DA01F74}.Debug|x64.Build.0 = Debug|Any CPU
		{0B1EAD50-A225-4161-A250-AC426DA01F74}.Debug|x86.ActiveCfg = Debug|Any CPU
		{0B1EAD50-A225-4161-A250-AC426DA01F74}.Debug|x86.Build.0 = Debug|Any CPU
		{0B1EAD50-A225-4161-A250-AC426DA01F74}.Release|Any CPU.ActiveCfg = Release|Any CPU
		{0B1EAD50-A225-4161-A250-AC426DA01F74}.Release|Any CPU.Build.0 = Release|Any CPU
		{0B1EAD50-A225-4161-A250-AC426DA01F74}.Release|x64.ActiveCfg = Release|Any CPU
		{0B1EAD50-A225-4161-A250-AC426DA01F74}.Release|x64.Build.0 = Release|Any CPU
		{0B1EAD50-A225-4161-A250-AC426DA01F74}.Release|x86.ActiveCfg = Release|Any CPU
		{0B1EAD50-A225-4161-A250-AC426DA01F74}.Release|x86.Build.0 = Release|Any CPU
		{E386B8A7-1905-4FFC-BE3C-C164711AFBD2}.Debug|Any CPU.ActiveCfg = Debug|Any CPU
		{E386B8A7-1905-4FFC-BE3C-C164711AFBD2}.Debug|Any CPU.Build.0 = Debug|Any CPU
		{E386B8A7-1905-4FFC-BE3C-C164711AFBD2}.Debug|x64.ActiveCfg = Debug|Any CPU
		{E386B8A7-1905-4FFC-BE3C-C164711AFBD2}.Debug|x64.Build.0 = Debug|Any CPU
		{E386B8A7-1905-4FFC-BE3C-C164711AFBD2}.Debug|x86.ActiveCfg = Debug|Any CPU
		{E386B8A7-1905-4FFC-BE3C-C164711AFBD2}.Debug|x86.Build.0 = Debug|Any CPU
		{E386B8A7-1905-4FFC-BE3C-C164711AFBD2}.Release|Any CPU.ActiveCfg = Release|Any CPU
		{E386B8A7-1905-4FFC-BE3C-C164711AFBD2}.Release|Any CPU.Build.0 = Release|Any CPU
		{E386B8A7-1905-4FFC-BE3C-C164711AFBD2}.Release|x64.ActiveCfg = Release|Any CPU
		{E386B8A7-1905-4FFC-BE3C-C164711AFBD2}.Release|x64.Build.0 = Release|Any CPU
		{E386B8A7-1905-4FFC-BE3C-C164711AFBD2}.Release|x86.ActiveCfg = Release|Any CPU
		{E386B8A7-1905-4FFC-BE3C-C164711AFBD2}.Release|x86.Build.0 = Release|Any CPU
	EndGlobalSection
	GlobalSection(SolutionProperties) = preSolution
		HideSolutionNode = FALSE
	EndGlobalSection
	GlobalSection(NestedProjects) = preSolution
		{64B9F573-1E6E-4EBC-963A-5F9AD945AF5C} = {5C7D56DE-8D41-404B-A830-305D36F450AE}
		{DA4510CD-19C8-4E0D-84EF-15E8DE5FD3A7} = {5C7D56DE-8D41-404B-A830-305D36F450AE}
		{C67E81F0-A0BC-47AE-B5EC-54DA7A8F6DE7} = {5C7D56DE-8D41-404B-A830-305D36F450AE}
		{C731D973-966C-4818-8EAB-BA31E5FF7C7F} = {5C7D56DE-8D41-404B-A830-305D36F450AE}
		{0B1EAD50-A225-4161-A250-AC426DA01F74} = {5C7D56DE-8D41-404B-A830-305D36F450AE}
		{E386B8A7-1905-4FFC-BE3C-C164711AFBD2} = {5C7D56DE-8D41-404B-A830-305D36F450AE}
	EndGlobalSection
EndGlobal
